
Microsoft Visual Studio Solution File, Format Version 12.00
# Visual Studio Version 17
VisualStudioVersion = 17.5.002.0
MinimumVisualStudioVersion = 10.0.40219.1
Project("{9A19103F-16F7-4668-BE54-9A1E7A4F7556}") = "financeManager", "financeManager.csproj", "{5B74E384-545C-4591-9BE6-FC4F3EEA4679}"
EndProject
Global
	GlobalSection(SolutionConfigurationPlatforms) = preSolution
		Debug|Any CPU = Debug|Any CPU
		Release|Any CPU = Release|Any CPU
	EndGlobalSection
	GlobalSection(ProjectConfigurationPlatforms) = postSolution
		{5B74E384-545C-4591-9BE6-FC4F3EEA4679}.Debug|Any CPU.ActiveCfg = Debug|Any CPU
		{5B74E384-545C-4591-9BE6-FC4F3EEA4679}.Debug|Any CPU.Build.0 = Debug|Any CPU
		{5B74E384-545C-4591-9BE6-FC4F3EEA4679}.Release|Any CPU.ActiveCfg = Release|Any CPU
		{5B74E384-545C-4591-9BE6-FC4F3EEA4679}.Release|Any CPU.Build.0 = Release|Any CPU
	EndGlobalSection
	GlobalSection(SolutionProperties) = preSolution
		HideSolutionNode = FALSE
	EndGlobalSection
	GlobalSection(ExtensibilityGlobals) = postSolution
		SolutionGuid = {597052C7-DCC6-4FB2-8D75-E4C419784D54}
	EndGlobalSection
EndGlobal
